
Microsoft Visual Studio Solution File, Format Version 12.00
# Visual Studio 14
VisualStudioVersion = 14.0.24720.0
MinimumVisualStudioVersion = 10.0.40219.1
Project("{FAE04EC0-301F-11D3-BF4B-00C04F79EFBC}") = "InterfaceMonitor", "InterfaceMonitor\InterfaceMonitor.csproj", "{8E45FD12-937B-47C1-99CB-6E2ABD0A6A18}"
EndProject
Global
	GlobalSection(SolutionConfigurationPlatforms) = preSolution
		Debug|Any CPU = Debug|Any CPU
		Debug|x86 = Debug|x86
		DebugAnyCPU|Any CPU = DebugAnyCPU|Any CPU
		DebugAnyCPU|x86 = DebugAnyCPU|x86
		Release|Any CPU = Release|Any CPU
		Release|x86 = Release|x86
		ReleaseInstall|Any CPU = ReleaseInstall|Any CPU
		ReleaseInstall|x86 = ReleaseInstall|x86
		RevDebug|Any CPU = RevDebug|Any CPU
		RevDebug|x86 = RevDebug|x86
	EndGlobalSection
	GlobalSection(ProjectConfigurationPlatforms) = postSolution
		{8E45FD12-937B-47C1-99CB-6E2ABD0A6A18}.Debug|Any CPU.ActiveCfg = Debug|Any CPU
		{8E45FD12-937B-47C1-99CB-6E2ABD0A6A18}.Debug|Any CPU.Build.0 = Debug|Any CPU
		{8E45FD12-937B-47C1-99CB-6E2ABD0A6A18}.Debug|x86.ActiveCfg = Debug|x86
		{8E45FD12-937B-47C1-99CB-6E2ABD0A6A18}.Debug|x86.Build.0 = Debug|x86
		{8E45FD12-937B-47C1-99CB-6E2ABD0A6A18}.DebugAnyCPU|Any CPU.ActiveCfg = Debug|Any CPU
		{8E45FD12-937B-47C1-99CB-6E2ABD0A6A18}.DebugAnyCPU|Any CPU.Build.0 = Debug|Any CPU
		{8E45FD12-937B-47C1-99CB-6E2ABD0A6A18}.DebugAnyCPU|x86.ActiveCfg = Debug|Any CPU
		{8E45FD12-937B-47C1-99CB-6E2ABD0A6A18}.Release|Any CPU.ActiveCfg = Release|Any CPU
		{8E45FD12-937B-47C1-99CB-6E2ABD0A6A18}.Release|Any CPU.Build.0 = Release|Any CPU
		{8E45FD12-937B-47C1-99CB-6E2ABD0A6A18}.Release|x86.ActiveCfg = Release|x86
		{8E45FD12-937B-47C1-99CB-6E2ABD0A6A18}.Release|x86.Build.0 = Release|x86
		{8E45FD12-937B-47C1-99CB-6E2ABD0A6A18}.ReleaseInstall|Any CPU.ActiveCfg = Release|x86
		{8E45FD12-937B-47C1-99CB-6E2ABD0A6A18}.ReleaseInstall|x86.ActiveCfg = Release|x86
		{8E45FD12-937B-47C1-99CB-6E2ABD0A6A18}.ReleaseInstall|x86.Build.0 = Release|x86
		{8E45FD12-937B-47C1-99CB-6E2ABD0A6A18}.RevDebug|Any CPU.ActiveCfg = Debug|Any CPU
		{8E45FD12-937B-47C1-99CB-6E2ABD0A6A18}.RevDebug|Any CPU.Build.0 = Debug|Any CPU
		{8E45FD12-937B-47C1-99CB-6E2ABD0A6A18}.RevDebug|x86.ActiveCfg = Debug|x86
		{8E45FD12-937B-47C1-99CB-6E2ABD0A6A18}.RevDebug|x86.Build.0 = Debug|x86
	EndGlobalSection
	GlobalSection(SolutionProperties) = preSolution
		HideSolutionNode = FALSE
	EndGlobalSection
EndGlobal
